{
	"error":false,
		"accounts": [
		
		   {
				"id": "cus_helperbird",
				"name": "ruesd.com",
				"domains": ["ruesd.net"],
				"customCodes": ["ruesd"],
"type": "business",
				"paid": true,
				"free": true,
				"comments": "",
				"monthly": false,
				"created": "10 Feb"
			},

			{
				"id": "cus_helperbird",
				"name": "uber.com",
				"domains": ["uber.com"],
				"customCodes": ["uber"],
"type": "business",
				"paid": true,
				"free": true,
				"comments": "",
				"monthly": false,
				"created": "10 Feb"
			},
			{
				"id": "cus_helperbird",
				"name": "Helperbird.com",
				"domains": ["helperbird.com"],
				"customCodes": ["helperbird"],
"type": "business",
				"paid": true,
				"free": true,
				"comments": "",
				"monthly": false,
				"created": "10 Feb"
			},
				{
				"id": "cus_N1DvTp8hwbO8D4",
				"name": "Benton Community Schools",
				"domains": ["benton.k12.in.us"],
				"customCodes": ["benton"],
"type": "school",
				"paid": true,
				"free": false,
				"comments": "",
				"monthly": false,
				"created": "10 January"
			},
				{
				"id": "cus_helperbird",
				"name": "ScoilPadrepio.com",
				"domains": ["scoilpadrepio.com"],
				"customCodes": ["scoilpadrepio"],
"type": "school",
				"paid": true,
				"free": true,
				"comments": "",
				"monthly": false,
				"created": "10 Feb"
			},
	
	{
				"id": "cus_Mee4RihKsDLnwV",
				"name": "Unitec.nz",
				"domains": ["unitec.ac.nz"],
				"customCodes": ["unitec"],
"type": "school",
				"paid": true,
				"free": false,
				"comments": "",
				"monthly": false,
				"created": "17 Jan"
			},
			{
				"id": "cus_MSSD12",
				"name": "MSSD12.org",
				"domains": ["students.nssd112.org"],
				"customCodes": ["nssd112"],
"type": "school",
				"paid": true,
				"free": true,
				"comments": "",
				"monthly": false,
				"created": "10 Feb"
			},
			{
				"id": "cus_patins",
				"name": "PATINS Project",
				"domains": ["patinsproject.org"],
				"customCodes": ["patinsproject"],
"type": "trainers",
				"paid": true,
				"free": true,
				"comments": "",
				"monthly": false,
				"created": "10 Feb"
			},
		   {
				"id": "cus_JXoFfIvnQE8nEP",
				"name": "Newport-Mesa Unified School District",
				"domains": ["nmusd.us"],
				"customCodes": ["nmusd"],
"type": "school",
				"paid": true,
				"free": false,
				"comments": "",
				"monthly": false,
				"created": "10 Feb"
			}, {
				"id": "cus_Ke385KdQkCOaNv",
				"name": "NYC DOE",
				"domains": [
					"nyccatteam.org", "nyccateam.org", "schools.nyc.gov"
				],
				"customCodes": ["nycdoe"],
"type": "trainers",
				"paid": true,
				"free": false,
				"comments": "",
				"monthly": false,
				"created": "10 Feb"
			}, {
				"id": "cus_microlink",
				"name": "Microlink",
				"domains": ["microlinkpc.com"],
				"customCodes": ["microlinkpc"],
"type": "trainers",
				"paid": true,
				"free": true,
				"comments": "",
				"monthly": false,
				"created": "10 Feb"
			}, {
				"id": "cus_rossrams",
				"name": "Ross Local School District",
				"domains": ["rossrams.com"],
				"customCodes": ["rossrams"],
"type": "school",
				"paid": true,
				"free": true,
				"comments": "",
				"monthly": false,
				"created": "10 Feb"
			}, {
				"id": "cus_L4arQ1KckoWTPI",
				"name": "Montclair Public Schools",
				"domains": [
					"montclair.k12.nj.us", "mpsdnj.us"
				],
				"customCodes": [],
"type": "school",
				"paid": true,
				"free": true,
				"comments": "",
				"monthly": false,
				"created": "10 Feb"
			}, {
				"id": "cus_free",
				"name": "Northern Southland College",
				"domains": [
					"nsc.school.nz", "balfour.school.nz"
				],
				"customCodes": [],
"type": "school",
				"paid": true,
				"free": true,
				"comments": "",
				"monthly": false,
				"created": "10 Sep"
			}, {
				"id": "cus_MW3Kpebe4drNcc",
				"name": "Far Hills NJ",
				"domains": ["fhcds.org"],
				"customCodes": [],
"type": "school",
				"paid": true,
				"free": false,
				"comments": "",
				"monthly": false,
				"created": "10 Sep"
			}, {
				"id": "cus_It2LkT3Pevtw9f",
				"name": "Gusto.com",
				"domains": [
					"gusto.com", "symmetry.com"
				],
				"customCodes": [],
"type": "business",
				"paid": false,
				"free": false,
				"comments": "",
				"monthly": false,
				"created": "10 Jan"
			}, {
				"id": "cus_IhL3MXgaBT4GdB",
				"name": "Nevada Community School District",
				"domains": ["nevadacubs.org"],
				"customCodes": [],
"type": "school",
				"paid": true,
				"free": false,
				"comments": "",
				"monthly": false,
				"created": "10 Jan"
			}, {
				"id": "cus_Hm4GjKzrz3ai61",
				"name": "NYOS Charter School",
				"domains": ["nyos.org"],
				"customCodes": [],
"type": "school",
				"paid": true,
				"free": false,
				"comments": "",
				"monthly": false,
				"created": "10 Dec"
			}, {
				"id": "cus_GHpcJkdyEsEpTB",
				"name": "BRONXVILLE UNION FREE SCHOOL DISTRICT",
				"domains": ["bronxvilleschool.org"],
				"customCodes": [],
"type": "school",
				"paid": false,
				"free": false,
				"comments": "",
				"monthly": false,
				"created": "10 APR"
			}, {
				"id": "cus_MYIpizFQSmcCwh",
				"name": "Miller County School District",
				"domains": [
					"huntingtonisd.com", "students.huntingtonisd.com"
				],
				"customCodes": [],
"type": "school",
				"paid": false,
				"free": false,
				"comments": "",
				"monthly": false,
				"created": "10 Oct"
			}, {
				"id": "cus_MYIpizFQSmcCwh",
				"name": "Miller County School District",
				"domains": ["miller.k12.ga.us"],
				"customCodes": [],
"type": "school",
				"paid": false,
				"free": false,
				"comments": "",
				"monthly": false,
				"created": "10 Oct"
			}, {
				"id": "cus_smgsblarney",
				"name": "SMGS Blarney",
				"domains": ["smgsblarney.ie"],
				"customCodes": [],
"type": "school",
				"paid": true,
				"free": true,
				"comments": "",
				"monthly": false,
				"created": "10 Sep"
			}, {
				"id": "cus_MNp5JUS6Q8O6ue",
				"name": "Dún Laoghaire-Rathdown County Council",
				"domains": ["dlrcoco.ie"],
				"customCodes": [],
"type": "business",
				"paid": true,
				"free": false,
				"comments": "",
				"monthly": false,
				"created": "10 Sep"
			}, {
				"id": "cus_MSmd5efQkJReQD",
				"name": "West morris regional high school",
				"domains": [
					"wmrhsd.org", "s.wmrhsd.org"
				],
				"customCodes": [],
"type": "school",
				"paid": true,
				"free": false,
				"comments": "",
				"monthly": false,
				"created": "10 Sep"
			}, {
				"id": "cus_MrbCHX4hfY1TH4",
				"name": "Padua College",
				"domains": [
					"padua.vic.edu.au", "s.padua.vic.edu.au"
				],
				"customCodes": [],
"type": "school",
				"paid": true,
				"free": false,
				"comments": "",
				"monthly": false,
				"created": "28 Nov"
			}, {
				"id": "cus_MKRRC1dtC5FdTl",
				"name": "Salinas Union High School District",
				"domains": [
					"salinasuhsd.org", "student.salinasuhsd.org"
				],
				"customCodes": [],
"type": "school",
				"paid": true,
				"free": false,
				"comments": "",
				"monthly": false,
				"created": "28 Aug"
			}, {
				"id": "cus_MhG28WMvyLR5Z7",
				"name": "Darlington School",
				"domains": ["darlingtonschool.org"],
				"customCodes": [],
"type": "school",
				"paid": true,
				"free": false,
				"comments": "",
				"monthly": false,
				"created": "31 Oct"
			}, {
				"id": "cus_MLf3YrU7MZ8Tzl",
				"name": "WhiteFace",
				"domains": ["whitefaceschool.net"],
				"customCodes": [],
"type": "school",
				"paid": true,
				"free": false,
				"comments": "",
				"monthly": false,
				"created": "31 Aug"
			}, {
				"id": "cus_MNp5JUS6Q8O6ue",
				"name": "Rathdown County Council",
				"domains": ["dlrcoco.ie"],
				"customCodes": [],
"type": "Business",
				"paid": true,
				"free": false,
				"comments": "",
				"monthly": false,
				"created": "6 September"
			}, {
				"id": "cus_Lew1ETJRHhQwTL",
				"name": "Bryn Mawr School",
				"domains": ["brynmawr.edu"],
				"customCodes": [],
"type": "school",
				"paid": true,
				"free": false,
				"comments": "",
				"monthly": false,
				"created": "13 July"
			}, {
				"id": "cus_IsfQUHBtRPpmmT",
				"name": "Northcote School",
				"domains": ["ni.school.nz"],
				"customCodes": [],
"type": "school",
				"paid": true,
				"free": false,
				"comments": "",
				"monthly": true,
				"created": "3 August"
			}, {
				"id": "cus_Gqm3nbion9Rdmk",
				"name": "Halton District School Board",
				"domains": ["hdsb.ca"],
				"customCodes": [],
"type": "school",
				"paid": true,
				"free": false,
				"comments": "",
				"monthly": true,
				"created": "1 May"
			}, {
				"id": "cus_HmRfAVUJ1eCbKo",
				"name": "Bryant Public Schools",
				"domains": ["bryantschools.org"],
				"customCodes": [],
"type": "school",
				"paid": true,
				"free": false,
				"comments": "",
				"monthly": false,
				"created": "1 Aug"
			}, {
				"id": "cus_HmRfAVUJ1eCbKo",
				"name": "Bryant Public Schools",
				"domains": [
					"narrabeenhs.com", "students.narrabeenhs.com"
				],
				"customCodes": [],
"type": "school",
				"paid": true,
				"free": false,
				"comments": "",
				"monthly": false,
				"created": "1 May"
			}, {
				"id": "cus_HmRfAVUJ1eCbKo",
				"name": "Narrabeen Sports High School",
				"domains": [
					"narrabeenhs.com", "students.narrabeenhs.com"
				],
				"customCodes": [],
"type": "school",
				"paid": true,
				"free": false,
				"comments": "",
				"monthly": false,
				"created": "1 May"
			}, {
				"id": "cus_K9HwlJL0FQNf4X",
				"name": "Salem Academy",
				"domains": [
					"salemacademy.org", "students.salemacademy.org"
				],
				"customCodes": [],
"type": "school",
				"paid": true,
				"free": false,
				"comments": "",
				"monthly": false,
				"created": "1 August"
			}, {
				"id": "cus_JLoDDMSy4fEF4y",
				"name": "Evergreen Public schools",
				"domains": [
					"student.evergreenps.org", "evergreenps.org"
				],
				"customCodes": [],
"type": "school",
				"paid": true,
				"free": false,
				"comments": "",
				"monthly": false,
				"created": "1 Sep"
			}, {
				"id": "cus_It2LkT3Pevtw9f",
				"name": "Gusto.com",
				"domains": [
					"gusto.com", "symmetry.com"
				],
				"customCodes": [],
"type": "school",
				"paid": true,
				"free": false,
				"comments": "",
				"monthly": false,
				"created": "4 Feb"
			}, {
				"id": "cus_JXfuxT6vRe4biu",
				"name": "Waipukurau Primary School",
				"domains": ["waipukurau.school.nz"],
				"customCodes": [],
"type": "school",
				"paid": true,
				"free": false,
				"comments": "",
				"monthly": false,
				"created": "15 July"
			}, {
				"id": "cus_IsFldSSJu6JnW6",
				"name": "Henderson kyschools",
				"domains": [
					"stu.henderson.kyschools.us", "henderson.kyschools.us"
				],
				"customCodes": [],
"type": "school",
				"paid": true,
				"free": false,
				"comments": "",
				"monthly": false,
				"created": "9 June"
			}, {
				"id": "cus_JIlun9WFlUvdSg",
				"name": "soWashCo",
				"domains": [
					"apps.district833.org", "sowashco.org"
				],
				"customCodes": [],
"type": "school",
				"paid": true,
				"free": false,
				"comments": "",
				"monthly": false,
				"created": "9 June"
			}, {
				"id": "cus_K6Yn6GPAQ3WKcb",
				"name": "Power Leisure Bookmakers Limited",
				"domains": [
					"skybettingandgaming.com",
					"paddypowerbetfair.com",
					"ppb.com",
					"flutter.com",
					"flutteruki.com",
					"skybettingandgaming.com",
					"paddypowerbetfair.com",
					"betfair.com",
					"blip.pt"
				],
				"customCodes": [],
"type": "school",
				"paid": false,
				"free": false,
				"comments": "",
				"monthly": false,
				"created": "10 Nov"
			}, {
				"id": "cus_K1SL6P2puhYrmd",
				"name": "NSW Government schools",
				"domains": ["education.nsw.gov.au"],
				"customCodes": [],
"type": "school",
				"paid": true,
				"free": false,
				"comments": "",
				"monthly": false,
				"created": "16 Aug"
			}, {
				"id": "cus_K1SL6P2puhYrmd",
				"name": "NSW Government schools",
				"domains": ["education.nsw.gov.au"],
				"customCodes": [],
"type": "school",
				"paid": true,
				"free": false,
				"comments": "",
				"monthly": false,
				"created": "16 Aug"
			}, {
				"id": "cus_K1VyBmb3KCj5hm",
				"name": "Peninsula School District",
				"domains": [
					"edtools.psd401.net", "psd401.net"
				],
				"customCodes": [],
"type": "school",
				"paid": true,
				"free": false,
				"comments": "",
				"monthly": false,
				"created": "22 Sep"
			}, {
				"id": "cus_KhuJHg1mHMFwDn",
				"name": "LIFE SCHOOL RIVIERA",
				"domains": ["lifeschoolriviera.ch"],
				"customCodes": [],
"type": "school",
				"paid": true,
				"free": false,
				"comments": "",
				"monthly": false,
				"created": "20 Dec"
			}, {
				"id": "cus_KuWb9iGdtw2XHu",
				"name": "E.A. young academy",
				"domains": ["eayoungacademy.com"],
				"customCodes": [],
"type": "school",
				"paid": true,
				"free": false,
				"comments": "",
				"monthly": false,
				"created": "5 Oct"
			}, {
				"id": "cus_M7i6xhFNyxgiqX",
				"name": "Open Polytechnic",
				"domains": [
					"openpolytechnic.ac.nz", "myop.ac.nz"
				],
				"customCodes": [],
"type": "school",
				"paid": true,
				"free": false,
				"comments": "",
				"monthly": false,
				"created": "5 Oct"
			}, {
				"id": "cus_LPyaYH6xRjU5b1",
				"name": "Elmira city schools",
				"domains": [
					"elmiracityschools.com", "gstboces.org"
				],
				"customCodes": [],
"type": "school",
				"paid": true,
				"free": false,
				"comments": "",
				"monthly": false,
				"created": "12 May"
			}, {
				"id": "cus_Je03vwiMNGRxNN",
				"name": "Shell.com",
				"domains": ["shell.com"],
				"customCodes": [],
"type": "business",
				"paid": true,
				"free": false,
				"comments": "",
				"monthly": false,
				"created": "11 May"
			}, {
				"id": "cus_Ltwz6UEN5v5LtX",
				"name": "Sweet Water Schools",
				"domains": [
					"sweetwaterschools.org", "sweetwaterschools.net"
				],
				"customCodes": [],
"type": "school",
				"paid": true,
				"free": false,
				"comments": "",
				"monthly": false,
				"created": "18 June"
			}, {
				"id": "cus_LPng8il30LX5zT",
				"name": "All Saints' C of E Primary School Blackheath",
				"domains": ["allsaints.lewisham.sch.uk"],
				"customCodes": [],
"type": "school",
				"paid": true,
				"free": false,
				"comments": "",
				"monthly": false,
				"created": "30 March"
			}, {
				"id": "cus_INWY9JSDHV6dG1",
				"name": "Lake Tahoe Community College            ",
				"domains": [
					"ltcc.edu", "mail.ltcc.edu"
				],
				"customCodes": [],
"type": "school",
				"paid": true,
				"free": false,
				"comments": "",
				"monthly": false,
				"created": "10 Nov"
			}
		],
	
	
		"codes": [
			"nmusd.us+0",
			"nmusd.us+1",
			"nmusd.us+2",
			"nmusd.us+3",
			"nmusd.us+4",
			"nmusd.us+5",
			"nmusd.us+6",
			"nmusd.us+7",
			"nmusd.us+8",
			"nmusd.us+9",
			"nmusd.us+10",
			"nmusd.us+11",
			"nmusd.us+12",
			"nmusd.us+13",
			"nmusd.us+14",
			"nmusd.us+15",
			"nmusd.us+16",
			"nmusd.us+17",
			"nmusd.us+18",
			"nmusd.us+19",
			"nmusd.us+20",
			"nmusd.us+21",
			"nmusd.us+22",
			"nmusd.us+23",
			"nmusd.us+24"
		],
		"whitelabel": ["helperbird.com"],
		"domains": ["helperbird.com", "helperbird.com", "127.0.0.1"]
	}